<?xml version="1.0" encoding="utf-8"?>
<Project ToolsVersion="4.0" xmlns="http://schemas.microsoft.com/developer/msbuild/2003">
  <ItemGroup>
    <Filter Include="Source Files">
      <UniqueIdentifier>{4FC737F1-C7A5-4376-A066-2A32D752A2FF}</UniqueIdentifier>
      <Extensions>cpp;c;cc;cxx;def;odl;idl;hpj;bat;asm;asmx</Extensions>
    </Filter>
    <Filter Include="Header Files">
      <UniqueIdentifier>{93995380-89BD-4b04-88EB-625FBE52EBFB}</UniqueIdentifier>
      <Extensions>h;hh;hpp;hxx;hm;inl;inc;ipp;xsd</Extensions>
    </Filter>
    <Filter Include="Resource Files">
      <UniqueIdentifier>{67DA6AB6-F800-4c08-8B7A-83BB121AAD01}</UniqueIdentifier>
      <Extensions>rc;ico;cur;bmp;dlg;rc2;rct;bin;rgs;gif;jpg;jpeg;jpe;resx;tiff;tif;png;wav;mfcribbon-ms</Extensions>
    </Filter>
  </ItemGroup>
  <ItemGroup>
    <ClCompile Include="Main.cpp">
      <Filter>Source Files</Filter>
    </ClCompile>
    <ClCompile Include="Graphics.cpp">
      <Filter>Source Files</Filter>
    </ClCompile>
    <ClCompile Include="Controller.cpp">
      <Filter>Source Files</Filter>
    </ClCompile>
    <ClCompile Include="Guard.cpp">
      <Filter>Source Files</Filter>
    </ClCompile>
    <ClCompile Include="Player.cpp">
      <Filter>Source Files</Filter>
    </ClCompile>
    <ClCompile Include="Level.cpp">
      <Filter>Source Files</Filter>
    </ClCompile>
    <ClCompile Include="DynamicObject.cpp">
      <Filter>Source Files</Filter>
    </ClCompile>
    <ClCompile Include="StupidGuard.cpp">
      <Filter>Source Files</Filter>
    </ClCompile>
    <ClCompile Include="SmartGuard.cpp">
      <Filter>Source Files</Filter>
    </ClCompile>
    <ClCompile Include="Gift.cpp">
      <Filter>Source Files</Filter>
    </ClCompile>
    <ClCompile Include="Wall.cpp">
      <Filter>Source Files</Filter>
    </ClCompile>
    <ClCompile Include="Bomb.cpp">
      <Filter>Source Files</Filter>
    </ClCompile>
    <ClCompile Include="Box.cpp">
      <Filter>Source Files</Filter>
    </ClCompile>
    <ClCompile Include="Door.cpp">
      <Filter>Source Files</Filter>
    </ClCompile>
    <ClCompile Include="Screens.cpp">
      <Filter>Source Files</Filter>
    </ClCompile>
    <ClCompile Include="Explosion.cpp">
      <Filter>Source Files</Filter>
    </ClCompile>
  </ItemGroup>
  <ItemGroup>
    <ClInclude Include="GameObject.h">
      <Filter>Header Files</Filter>
    </ClInclude>
    <ClInclude Include="Graphics.h">
      <Filter>Header Files</Filter>
    </ClInclude>
    <ClInclude Include="Controller.h">
      <Filter>Header Files</Filter>
    </ClInclude>
    <ClInclude Include="Guard.h">
      <Filter>Header Files</Filter>
    </ClInclude>
    <ClInclude Include="Player.h">
      <Filter>Header Files</Filter>
    </ClInclude>
    <ClInclude Include="Level.h">
      <Filter>Header Files</Filter>
    </ClInclude>
    <ClInclude Include="StaticObject.h">
      <Filter>Header Files</Filter>
    </ClInclude>
    <ClInclude Include="DynamicObject.h">
      <Filter>Header Files</Filter>
    </ClInclude>
    <ClInclude Include="StupidGuard.h">
      <Filter>Header Files</Filter>
    </ClInclude>
    <ClInclude Include="SmartGuard.h">
      <Filter>Header Files</Filter>
    </ClInclude>
    <ClInclude Include="Gift.h">
      <Filter>Header Files</Filter>
    </ClInclude>
    <ClInclude Include="Wall.h">
      <Filter>Header Files</Filter>
    </ClInclude>
    <ClInclude Include="Bomb.h">
      <Filter>Header Files</Filter>
    </ClInclude>
    <ClInclude Include="Box.h">
      <Filter>Header Files</Filter>
    </ClInclude>
    <ClInclude Include="Door.h">
      <Filter>Header Files</Filter>
    </ClInclude>
    <ClInclude Include="Screens.h">
      <Filter>Header Files</Filter>
    </ClInclude>
    <ClInclude Include="Macros.h">
      <Filter>Resource Files</Filter>
    </ClInclude>
    <ClInclude Include="Explosion.h">
      <Filter>Header Files</Filter>
    </ClInclude>
  </ItemGroup>
  <ItemGroup>
    <Text Include="Levels.txt">
      <Filter>Source Files</Filter>
    </Text>
  </ItemGroup>
  <ItemGroup>
    <None Include="ClassDiagram.cd" />
  </ItemGroup>
</Project>